// !$*UTF8*$!
{
	archiveVersion = 1;
	classes = {
	};
	objectVersion = 46;
	objects = {

/* Begin PBXBuildFile section */
		A2D48CD61D77C1C30023B829 /* main.m in Sources */ = {isa = PBXBuildFile; fileRef = A2D48CD51D77C1C30023B829 /* main.m */; };
		A2D48CD91D77C1C30023B829 /* AppDelegate.m in Sources */ = {isa = PBXBuildFile; fileRef = A2D48CD81D77C1C30023B829 /* AppDelegate.m */; };
		A2D48CDC1D77C1C30023B829 /* ViewController.m in Sources */ = {isa = PBXBuildFile; fileRef = A2D48CDB1D77C1C30023B829 /* ViewController.m */; };
		A2D48CDF1D77C1C30023B829 /* Main.storyboard in Resources */ = {isa = PBXBuildFile; fileRef = A2D48CDD1D77C1C30023B829 /* Main.storyboard */; };
		A2D48CE21D77C1C30023B829 /* CoreDataListenerSpike.xcdatamodeld in Sources */ = {isa = PBXBuildFile; fileRef = A2D48CE01D77C1C30023B829 /* CoreDataListenerSpike.xcdatamodeld */; };
		A2D48CE41D77C1C30023B829 /* Assets.xcassets in Resources */ = {isa = PBXBuildFile; fileRef = A2D48CE31D77C1C30023B829 /* Assets.xcassets */; };
		A2D48CE71D77C1C30023B829 /* LaunchScreen.storyboard in Resources */ = {isa = PBXBuildFile; fileRef = A2D48CE51D77C1C30023B829 /* LaunchScreen.storyboard */; };
/* End PBXBuildFile section */

/* Begin PBXFileReference section */
		A2D48CD11D77C1C30023B829 /* CoreDataListenerSpike.app */ = {isa = PBXFileReference; explicitFileType = wrapper.application; includeInIndex = 0; path = CoreDataListenerSpike.app; sourceTree = BUILT_PRODUCTS_DIR; };
		A2D48CD51D77C1C30023B829 /* main.m */ = {isa = PBXFileReference; lastKnownFileType = sourcecode.c.objc; path = main.m; sourceTree = "<group>"; };
		A2D48CD71D77C1C30023B829 /* AppDelegate.h */ = {isa = PBXFileReference; lastKnownFileType = sourcecode.c.h; path = AppDelegate.h; sourceTree = "<group>"; };
		A2D48CD81D77C1C30023B829 /* AppDelegate.m */ = {isa = PBXFileReference; lastKnownFileType = sourcecode.c.objc; path = AppDelegate.m; sourceTree = "<group>"; };
		A2D48CDA1D77C1C30023B829 /* ViewController.h */ = {isa = PBXFileReference; lastKnownFileType = sourcecode.c.h; path = ViewController.h; sourceTree = "<group>"; };
		A2D48CDB1D77C1C30023B829 /* ViewController.m */ = {isa = PBXFileReference; lastKnownFileType = sourcecode.c.objc; path = ViewController.m; sourceTree = "<group>"; };
		A2D48CDE1D77C1C30023B829 /* Base */ = {isa = PBXFileReference; lastKnownFileType = file.storyboard; name = Base; path = Base.lproj/Main.storyboard; sourceTree = "<group>"; };
		A2D48CE11D77C1C30023B829 /* CoreDataListenerSpike.xcdatamodel */ = {isa = PBXFileReference; lastKnownFileType = wrapper.xcdatamodel; path = CoreDataListenerSpike.xcdatamodel; sourceTree = "<group>"; };
		A2D48CE31D77C1C30023B829 /* Assets.xcassets */ = {isa = PBXFileReference; lastKnownFileType = folder.assetcatalog; path = Assets.xcassets; sourceTree = "<group>"; };
		A2D48CE61D77C1C30023B829 /* Base */ = {isa = PBXFileReference; lastKnownFileType = file.storyboard; name = Base; path = Base.lproj/LaunchScreen.storyboard; sourceTree = "<group>"; };
		A2D48CE81D77C1C30023B829 /* Info.plist */ = {isa = PBXFileReference; lastKnownFileType = text.plist.xml; path = Info.plist; sourceTree = "<group>"; };
/* End PBXFileReference section */

/* Begin PBXFrameworksBuildPhase section */
		A2D48CCE1D77C1C30023B829 /* Frameworks */ = {
			isa = PBXFrameworksBuildPhase;
			buildActionMask = 2147483647;
			files = (
			);
			runOnlyForDeploymentPostprocessing = 0;
		};
/* End PBXFrameworksBuildPhase section */

/* Begin PBXGroup section */
		A2D48CC81D77C1C30023B829 = {
			isa = PBXGroup;
			children = (
				A2D48CD31D77C1C30023B829 /* CoreDataListenerSpike */,
				A2D48CD21D77C1C30023B829 /* Products */,
			);
			sourceTree = "<group>";
		};
		A2D48CD21D77C1C30023B829 /* Products */ = {
			isa = PBXGroup;
			children = (
				A2D48CD11D77C1C30023B829 /* CoreDataListenerSpike.app */,
			);
			name = Products;
			sourceTree = "<group>";
		};
		A2D48CD31D77C1C30023B829 /* CoreDataListenerSpike */ = {
			isa = PBXGroup;
			children = (
				A2D48CD71D77C1C30023B829 /* AppDelegate.h */,
				A2D48CD81D77C1C30023B829 /* AppDelegate.m */,
				A2D48CDA1D77C1C30023B829 /* ViewController.h */,
				A2D48CDB1D77C1C30023B829 /* ViewController.m */,
				A2D48CDD1D77C1C30023B829 /* Main.storyboard */,
				A2D48CE31D77C1C30023B829 /* Assets.xcassets */,
				A2D48CE51D77C1C30023B829 /* LaunchScreen.storyboard */,
				A2D48CE81D77C1C30023B829 /* Info.plist */,
				A2D48CE01D77C1C30023B829 /* CoreDataListenerSpike.xcdatamodeld */,
				A2D48CD41D77C1C30023B829 /* Supporting Files */,
			);
			path = CoreDataListenerSpike;
			sourceTree = "<group>";
		};
		A2D48CD41D77C1C30023B829 /* Supporting Files */ = {
			isa = PBXGroup;
			children = (
				A2D48CD51D77C1C30023B829 /* main.m */,
			);
			name = "Supporting Files";
			sourceTree = "<group>";
		};
/* End PBXGroup section */

/* Begin PBXNativeTarget section */
		A2D48CD01D77C1C30023B829 /* CoreDataListenerSpike */ = {
			isa = PBXNativeTarget;
			buildConfigurationList = A2D48CEB1D77C1C30023B829 /* Build configuration list for PBXNativeTarget "CoreDataListenerSpike" */;
			buildPhases = (
				A2D48CCD1D77C1C30023B829 /* Sources */,
				A2D48CCE1D77C1C30023B829 /* Frameworks */,
				A2D48CCF1D77C1C30023B829 /* Resources */,
			);
			buildRules = (
			);
			dependencies = (
			);
			name = CoreDataListenerSpike;
			productName = CoreDataListenerSpike;
			productReference = A2D48CD11D77C1C30023B829 /* CoreDataListenerSpike.app */;
			productType = "com.apple.product-type.application";
		};
/* End PBXNativeTarget section */

/* Begin PBXProject section */
		A2D48CC91D77C1C30023B829 /* Project object */ = {
			isa = PBXProject;
			attributes = {
				LastUpgradeCheck = 0730;
				TargetAttributes = {
					A2D48CD01D77C1C30023B829 = {
						CreatedOnToolsVersion = 7.3.1;
					};
				};
			};
			buildConfigurationList = A2D48CCC1D77C1C30023B829 /* Build configuration list for PBXProject "CoreDataListenerSpike" */;
			compatibilityVersion = "Xcode 3.2";
			developmentRegion = English;
			hasScannedForEncodings = 0;
			knownRegions = (
				en,
				Base,
			);
			mainGroup = A2D48CC81D77C1C30023B829;
			productRefGroup = A2D48CD21D77C1C30023B829 /* Products */;
			projectDirPath = "";
			projectRoot = "";
			targets = (
				A2D48CD01D77C1C30023B829 /* CoreDataListenerSpike */,
			);
		};
/* End PBXProject section */

/* Begin PBXResourcesBuildPhase section */
		A2D48CCF1D77C1C30023B829 /* Resources */ = {
			isa = PBXResourcesBuildPhase;
			buildActionMask = 2147483647;
			files = (
				A2D48CE71D77C1C30023B829 /* LaunchScreen.storyboard in Resources */,
				A2D48CE41D77C1C30023B829 /* Assets.xcassets in Resources */,
				A2D48CDF1D77C1C30023B829 /* Main.storyboard in Resources */,
			);
			runOnlyForDeploymentPostprocessing = 0;
		};
/* End PBXResourcesBuildPhase section */

/* Begin PBXSourcesBuildPhase section */
		A2D48CCD1D77C1C30023B829 /* Sources */ = {
			isa = PBXSourcesBuildPhase;
			buildActionMask = 2147483647;
			files = (
				A2D48CDC1D77C1C30023B829 /* ViewController.m in Sources */,
				A2D48CD91D77C1C30023B829 /* AppDelegate.m in Sources */,
				A2D48CD61D77C1C30023B829 /* main.m in Sources */,
				A2D48CE21D77C1C30023B829 /* CoreDataListenerSpike.xcdatamodeld in Sources */,
			);
			runOnlyForDeploymentPostprocessing = 0;
		};
/* End PBXSourcesBuildPhase section */

/* Begin PBXVariantGroup section */
		A2D48CDD1D77C1C30023B829 /* Main.storyboard */ = {
			isa = PBXVariantGroup;
			children = (
				A2D48CDE1D77C1C30023B829 /* Base */,
			);
			name = Main.storyboard;
			sourceTree = "<group>";
		};
		A2D48CE51D77C1C30023B829 /* LaunchScreen.storyboard */ = {
			isa = PBXVariantGroup;
			children = (
				A2D48CE61D77C1C30023B829 /* Base */,
			);
			name = LaunchScreen.storyboard;
			sourceTree = "<group>";
		};
/* End PBXVariantGroup section */

/* Begin XCBuildConfiguration section */
		A2D48CE91D77C1C30023B829 /* Debug */ = {
			isa = XCBuildConfiguration;
			buildSettings = {
				ALWAYS_SEARCH_USER_PATHS = NO;
				CLANG_ANALYZER_NONNULL = YES;
				CLANG_CXX_LANGUAGE_STANDARD = "gnu++0x";
				CLANG_CXX_LIBRARY = "libc++";
				CLANG_ENABLE_MODULES = YES;
				CLANG_ENABLE_OBJC_ARC = YES;
				CLANG_WARN_BOOL_CONVERSION = YES;
				CLANG_WARN_CONSTANT_CONVERSION = YES;
				CLANG_WARN_DIRECT_OBJC_ISA_USAGE = YES_ERROR;
				CLANG_WARN_EMPTY_BODY = YES;
				CLANG_WARN_ENUM_CONVERSION = YES;
				CLANG_WARN_INT_CONVERSION = YES;
				CLANG_WARN_OBJC_ROOT_CLASS = YES_ERROR;
				CLANG_WARN_UNREACHABLE_CODE = YES;
				CLANG_WARN__DUPLICATE_METHOD_MATCH = YES;
				"CODE_SIGN_IDENTITY[sdk=iphoneos*]" = "iPhone Developer";
				COPY_PHASE_STRIP = NO;
				DEBUG_INFORMATION_FORMAT = dwarf;
				ENABLE_STRICT_OBJC_MSGSEND = YES;
				ENABLE_TESTABILITY = YES;
				GCC_C_LANGUAGE_STANDARD = gnu99;
				GCC_DYNAMIC_NO_PIC = NO;
				GCC_NO_COMMON_BLOCKS = YES;
				GCC_OPTIMIZATION_LEVEL = 0;
				GCC_PREPROCESSOR_DEFINITIONS = (
					"DEBUG=1",
					"$(inherited)",
				);
				GCC_WARN_64_TO_32_BIT_CONVERSION = YES;
				GCC_WARN_ABOUT_RETURN_TYPE = YES_ERROR;
				GCC_WARN_UNDECLARED_SELECTOR = YES;
				GCC_WARN_UNINITIALIZED_AUTOS = YES_AGGRESSIVE;
				GCC_WARN_UNUSED_FUNCTION = YES;
				GCC_WARN_UNUSED_VARIABLE = YES;
				IPHONEOS_DEPLOYMENT_TARGET = 9.3;
				MTL_ENABLE_DEBUG_INFO = YES;
				ONLY_ACTIVE_ARCH = YES;
				SDKROOT = iphoneos;
				TARGETED_DEVICE_FAMILY = "1,2";
			};
			name = Debug;
		};
		A2D48CEA1D77C1C30023B829 /* Release */ = {
			isa = XCBuildConfiguration;
			buildSettings = {
				ALWAYS_SEARCH_USER_PATHS = NO;
				CLANG_ANALYZER_NONNULL = YES;
				CLANG_CXX_LANGUAGE_STANDARD = "gnu++0x";
				CLANG_CXX_LIBRARY = "libc++";
				CLANG_ENABLE_MODULES = YES;
				CLANG_ENABLE_OBJC_ARC = YES;
				CLANG_WARN_BOOL_CONVERSION = YES;
				CLANG_WARN_CONSTANT_CONVERSION = YES;
				CLANG_WARN_DIRECT_OBJC_ISA_USAGE = YES_ERROR;
				CLANG_WARN_EMPTY_BODY = YES;
				CLANG_WARN_ENUM_CONVERSION = YES;
				CLANG_WARN_INT_CONVERSION = YES;
				CLANG_WARN_OBJC_ROOT_CLASS = YES_ERROR;
				CLANG_WARN_UNREACHABLE_CODE = YES;
				CLANG_WARN__DUPLICATE_METHOD_MATCH = YES;
				"CODE_SIGN_IDENTITY[sdk=iphoneos*]" = "iPhone Developer";
				COPY_PHASE_STRIP = NO;
				DEBUG_INFORMATION_FORMAT = "dwarf-with-dsym";
				ENABLE_NS_ASSERTIONS = NO;
				ENABLE_STRICT_OBJC_MSGSEND = YES;
				GCC_C_LANGUAGE_STANDARD = gnu99;
				GCC_NO_COMMON_BLOCKS = YES;
				GCC_WARN_64_TO_32_BIT_CONVERSION = YES;
				GCC_WARN_ABOUT_RETURN_TYPE = YES_ERROR;
				GCC_WARN_UNDECLARED_SELECTOR = YES;
				GCC_WARN_UNINITIALIZED_AUTOS = YES_AGGRESSIVE;
				GCC_WARN_UNUSED_FUNCTION = YES;
				GCC_WARN_UNUSED_VARIABLE = YES;
				IPHONEOS_DEPLOYMENT_TARGET = 9.3;
				MTL_ENABLE_DEBUG_INFO = NO;
				SDKROOT = iphoneos;
				TARGETED_DEVICE_FAMILY = "1,2";
				VALIDATE_PRODUCT = YES;
			};
			name = Release;
		};
		A2D48CEC1D77C1C30023B829 /* Debug */ = {
			isa = XCBuildConfiguration;
			buildSettings = {
				ASSETCATALOG_COMPILER_APPICON_NAME = AppIcon;
				INFOPLIST_FILE = CoreDataListenerSpike/Info.plist;
				LD_RUNPATH_SEARCH_PATHS = "$(inherited) @executable_path/Frameworks";
				PRODUCT_BUNDLE_IDENTIFIER = juntilla.dexter.CoreDataListenerSpike;
				PRODUCT_NAME = "$(TARGET_NAME)";
			};
			name = Debug;
		};
		A2D48CED1D77C1C30023B829 /* Release */ = {
			isa = XCBuildConfiguration;
			buildSettings = {
				ASSETCATALOG_COMPILER_APPICON_NAME = AppIcon;
				INFOPLIST_FILE = CoreDataListenerSpike/Info.plist;
				LD_RUNPATH_SEARCH_PATHS = "$(inherited) @executable_path/Frameworks";
				PRODUCT_BUNDLE_IDENTIFIER = juntilla.dexter.CoreDataListenerSpike;
				PRODUCT_NAME = "$(TARGET_NAME)";
			};
			name = Release;
		};
/* End XCBuildConfiguration section */

/* Begin XCConfigurationList section */
		A2D48CCC1D77C1C30023B829 /* Build configuration list for PBXProject "CoreDataListenerSpike" */ = {
			isa = XCConfigurationList;
			buildConfigurations = (
				A2D48CE91D77C1C30023B829 /* Debug */,
				A2D48CEA1D77C1C30023B829 /* Release */,
			);
			defaultConfigurationIsVisible = 0;
			defaultConfigurationName = Release;
		};
		A2D48CEB1D77C1C30023B829 /* Build configuration list for PBXNativeTarget "CoreDataListenerSpike" */ = {
			isa = XCConfigurationList;
			buildConfigurations = (
				A2D48CEC1D77C1C30023B829 /* Debug */,
				A2D48CED1D77C1C30023B829 /* Release */,
			);
			defaultConfigurationIsVisible = 0;
		};
/* End XCConfigurationList section */

/* Begin XCVersionGroup section */
		A2D48CE01D77C1C30023B829 /* CoreDataListenerSpike.xcdatamodeld */ = {
			isa = XCVersionGroup;
			children = (
				A2D48CE11D77C1C30023B829 /* CoreDataListenerSpike.xcdatamodel */,
			);
			currentVersion = A2D48CE11D77C1C30023B829 /* CoreDataListenerSpike.xcdatamodel */;
			path = CoreDataListenerSpike.xcdatamodeld;
			sourceTree = "<group>";
			versionGroupType = wrapper.xcdatamodel;
		};
/* End XCVersionGroup section */
	};
	rootObject = A2D48CC91D77C1C30023B829 /* Project object */;
}
